hash: 901c19f528167ece121d5ba27e87efec429fa2e3459f6aca59023cdcd5d31035
updated: 2016-10-02T17:59:54.16116591-03:00
imports:
- name: github.com/dgrijalva/jwt-go
  version: d2709f9f1f31ebcda9651b03077758c1f3a0018c
- name: github.com/golang/protobuf
  version: df1d3ca07d2d07bba352d5b73c4313b4e2a6203e
  subpackages:
  - proto
  - ptypes/empty
  - ptypes/timestamp
- name: golang.org/x/net
  version: 0d8126fc6144eb5257485c59148128691e8ff849
  subpackages:
  - context
  - http2
  - http2/hpack
  - idna
  - internal/timeseries
  - lex/httplex
  - trace
- name: google.golang.org/grpc
  version: 0032a855ba5c8a3c8e0d71c2deef354b70af1584
  subpackages:
  - codes
  - credentials
  - grpclog
  - internal
  - metadata
  - naming
  - peer
  - transport
testImports: []
